// !$*UTF8*$!
{
	archiveVersion = 1;
	classes = {
	};
	objectVersion = 50;
	objects = {

/* Begin PBXBuildFile section */
		987DA6CD236150F700A90D80 /* AppDelegate.swift in Sources */ = {isa = PBXBuildFile; fileRef = 987DA6CC236150F700A90D80 /* AppDelegate.swift */; };
		987DA6CF236150F700A90D80 /* SceneDelegate.swift in Sources */ = {isa = PBXBuildFile; fileRef = 987DA6CE236150F700A90D80 /* SceneDelegate.swift */; };
		987DA6D1236150F700A90D80 /* ViewController.swift in Sources */ = {isa = PBXBuildFile; fileRef = 987DA6D0236150F700A90D80 /* ViewController.swift */; };
		987DA6D4236150F700A90D80 /* Main.storyboard in Resources */ = {isa = PBXBuildFile; fileRef = 987DA6D2236150F700A90D80 /* Main.storyboard */; };
		987DA6D6236150FA00A90D80 /* Assets.xcassets in Resources */ = {isa = PBXBuildFile; fileRef = 987DA6D5236150FA00A90D80 /* Assets.xcassets */; };
		987DA6D9236150FA00A90D80 /* LaunchScreen.storyboard in Resources */ = {isa = PBXBuildFile; fileRef = 987DA6D7236150FA00A90D80 /* LaunchScreen.storyboard */; };
		987DA6E1236237F400A90D80 /* Destination.swift in Sources */ = {isa = PBXBuildFile; fileRef = 987DA6E0236237F400A90D80 /* Destination.swift */; };
		987DA6E523626BFA00A90D80 /* DetailViewController.swift in Sources */ = {isa = PBXBuildFile; fileRef = 987DA6E423626BFA00A90D80 /* DetailViewController.swift */; };
		98D18E302363C3B3008895E6 /* Waypoints.swift in Sources */ = {isa = PBXBuildFile; fileRef = 98D18E2F2363C3B3008895E6 /* Waypoints.swift */; };
/* End PBXBuildFile section */

/* Begin PBXFileReference section */
		987DA6C9236150F700A90D80 /* GeoMapping.app */ = {isa = PBXFileReference; explicitFileType = wrapper.application; includeInIndex = 0; path = GeoMapping.app; sourceTree = BUILT_PRODUCTS_DIR; };
		987DA6CC236150F700A90D80 /* AppDelegate.swift */ = {isa = PBXFileReference; lastKnownFileType = sourcecode.swift; path = AppDelegate.swift; sourceTree = "<group>"; };
		987DA6CE236150F700A90D80 /* SceneDelegate.swift */ = {isa = PBXFileReference; lastKnownFileType = sourcecode.swift; path = SceneDelegate.swift; sourceTree = "<group>"; };
		987DA6D0236150F700A90D80 /* ViewController.swift */ = {isa = PBXFileReference; lastKnownFileType = sourcecode.swift; path = ViewController.swift; sourceTree = "<group>"; };
		987DA6D3236150F700A90D80 /* Base */ = {isa = PBXFileReference; lastKnownFileType = file.storyboard; name = Base; path = Base.lproj/Main.storyboard; sourceTree = "<group>"; };
		987DA6D5236150FA00A90D80 /* Assets.xcassets */ = {isa = PBXFileReference; lastKnownFileType = folder.assetcatalog; path = Assets.xcassets; sourceTree = "<group>"; };
		987DA6D8236150FA00A90D80 /* Base */ = {isa = PBXFileReference; lastKnownFileType = file.storyboard; name = Base; path = Base.lproj/LaunchScreen.storyboard; sourceTree = "<group>"; };
		987DA6DA236150FA00A90D80 /* Info.plist */ = {isa = PBXFileReference; lastKnownFileType = text.plist.xml; path = Info.plist; sourceTree = "<group>"; };
		987DA6E0236237F400A90D80 /* Destination.swift */ = {isa = PBXFileReference; lastKnownFileType = sourcecode.swift; path = Destination.swift; sourceTree = "<group>"; };
		987DA6E423626BFA00A90D80 /* DetailViewController.swift */ = {isa = PBXFileReference; lastKnownFileType = sourcecode.swift; path = DetailViewController.swift; sourceTree = "<group>"; };
		98D18E2F2363C3B3008895E6 /* Waypoints.swift */ = {isa = PBXFileReference; lastKnownFileType = sourcecode.swift; path = Waypoints.swift; sourceTree = "<group>"; };
/* End PBXFileReference section */

/* Begin PBXFrameworksBuildPhase section */
		987DA6C6236150F700A90D80 /* Frameworks */ = {
			isa = PBXFrameworksBuildPhase;
			buildActionMask = 2147483647;
			files = (
			);
			runOnlyForDeploymentPostprocessing = 0;
		};
/* End PBXFrameworksBuildPhase section */

/* Begin PBXGroup section */
		987DA6C0236150F700A90D80 = {
			isa = PBXGroup;
			children = (
				987DA6CB236150F700A90D80 /* GeoMapping */,
				987DA6CA236150F700A90D80 /* Products */,
			);
			sourceTree = "<group>";
		};
		987DA6CA236150F700A90D80 /* Products */ = {
			isa = PBXGroup;
			children = (
				987DA6C9236150F700A90D80 /* GeoMapping.app */,
			);
			name = Products;
			sourceTree = "<group>";
		};
		987DA6CB236150F700A90D80 /* GeoMapping */ = {
			isa = PBXGroup;
			children = (
				987DA6E0236237F400A90D80 /* Destination.swift */,
				987DA6CC236150F700A90D80 /* AppDelegate.swift */,
				987DA6CE236150F700A90D80 /* SceneDelegate.swift */,
				987DA6D0236150F700A90D80 /* ViewController.swift */,
				987DA6E423626BFA00A90D80 /* DetailViewController.swift */,
				987DA6D2236150F700A90D80 /* Main.storyboard */,
				987DA6D5236150FA00A90D80 /* Assets.xcassets */,
				987DA6D7236150FA00A90D80 /* LaunchScreen.storyboard */,
				987DA6DA236150FA00A90D80 /* Info.plist */,
				98D18E2F2363C3B3008895E6 /* Waypoints.swift */,
			);
			path = GeoMapping;
			sourceTree = "<group>";
		};
/* End PBXGroup section */

/* Begin PBXNativeTarget section */
		987DA6C8236150F700A90D80 /* GeoMapping */ = {
			isa = PBXNativeTarget;
			buildConfigurationList = 987DA6DD236150FA00A90D80 /* Build configuration list for PBXNativeTarget "GeoMapping" */;
			buildPhases = (
				987DA6C5236150F700A90D80 /* Sources */,
				987DA6C6236150F700A90D80 /* Frameworks */,
				987DA6C7236150F700A90D80 /* Resources */,
			);
			buildRules = (
			);
			dependencies = (
			);
			name = GeoMapping;
			productName = GeoMapping;
			productReference = 987DA6C9236150F700A90D80 /* GeoMapping.app */;
			productType = "com.apple.product-type.application";
		};
/* End PBXNativeTarget section */

/* Begin PBXProject section */
		987DA6C1236150F700A90D80 /* Project object */ = {
			isa = PBXProject;
			attributes = {
				LastSwiftUpdateCheck = 1100;
				LastUpgradeCheck = 1100;
				ORGANIZATIONNAME = Tiffany;
				TargetAttributes = {
					987DA6C8236150F700A90D80 = {
						CreatedOnToolsVersion = 11.0;
					};
				};
			};
			buildConfigurationList = 987DA6C4236150F700A90D80 /* Build configuration list for PBXProject "GeoMapping" */;
			compatibilityVersion = "Xcode 9.3";
			developmentRegion = en;
			hasScannedForEncodings = 0;
			knownRegions = (
				en,
				Base,
			);
			mainGroup = 987DA6C0236150F700A90D80;
			productRefGroup = 987DA6CA236150F700A90D80 /* Products */;
			projectDirPath = "";
			projectRoot = "";
			targets = (
				987DA6C8236150F700A90D80 /* GeoMapping */,
			);
		};
/* End PBXProject section */

/* Begin PBXResourcesBuildPhase section */
		987DA6C7236150F700A90D80 /* Resources */ = {
			isa = PBXResourcesBuildPhase;
			buildActionMask = 2147483647;
			files = (
				987DA6D9236150FA00A90D80 /* LaunchScreen.storyboard in Resources */,
				987DA6D6236150FA00A90D80 /* Assets.xcassets in Resources */,
				987DA6D4236150F700A90D80 /* Main.storyboard in Resources */,
			);
			runOnlyForDeploymentPostprocessing = 0;
		};
/* End PBXResourcesBuildPhase section */

/* Begin PBXSourcesBuildPhase section */
		987DA6C5236150F700A90D80 /* Sources */ = {
			isa = PBXSourcesBuildPhase;
			buildActionMask = 2147483647;
			files = (
				98D18E302363C3B3008895E6 /* Waypoints.swift in Sources */,
				987DA6D1236150F700A90D80 /* ViewController.swift in Sources */,
				987DA6E1236237F400A90D80 /* Destination.swift in Sources */,
				987DA6E523626BFA00A90D80 /* DetailViewController.swift in Sources */,
				987DA6CD236150F700A90D80 /* AppDelegate.swift in Sources */,
				987DA6CF236150F700A90D80 /* SceneDelegate.swift in Sources */,
			);
			runOnlyForDeploymentPostprocessing = 0;
		};
/* End PBXSourcesBuildPhase section */

/* Begin PBXVariantGroup section */
		987DA6D2236150F700A90D80 /* Main.storyboard */ = {
			isa = PBXVariantGroup;
			children = (
				987DA6D3236150F700A90D80 /* Base */,
			);
			name = Main.storyboard;
			sourceTree = "<group>";
		};
		987DA6D7236150FA00A90D80 /* LaunchScreen.storyboard */ = {
			isa = PBXVariantGroup;
			children = (
				987DA6D8236150FA00A90D80 /* Base */,
			);
			name = LaunchScreen.storyboard;
			sourceTree = "<group>";
		};
/* End PBXVariantGroup section */

/* Begin XCBuildConfiguration section */
		987DA6DB236150FA00A90D80 /* Debug */ = {
			isa = XCBuildConfiguration;
			buildSettings = {
				ALWAYS_SEARCH_USER_PATHS = NO;
				CLANG_ANALYZER_NONNULL = YES;
				CLANG_ANALYZER_NUMBER_OBJECT_CONVERSION = YES_AGGRESSIVE;
				CLANG_CXX_LANGUAGE_STANDARD = "gnu++14";
				CLANG_CXX_LIBRARY = "libc++";
				CLANG_ENABLE_MODULES = YES;
				CLANG_ENABLE_OBJC_ARC = YES;
				CLANG_ENABLE_OBJC_WEAK = YES;
				CLANG_WARN_BLOCK_CAPTURE_AUTORELEASING = YES;
				CLANG_WARN_BOOL_CONVERSION = YES;
				CLANG_WARN_COMMA = YES;
				CLANG_WARN_CONSTANT_CONVERSION = YES;
				CLANG_WARN_DEPRECATED_OBJC_IMPLEMENTATIONS = YES;
				CLANG_WARN_DIRECT_OBJC_ISA_USAGE = YES_ERROR;
				CLANG_WARN_DOCUMENTATION_COMMENTS = YES;
				CLANG_WARN_EMPTY_BODY = YES;
				CLANG_WARN_ENUM_CONVERSION = YES;
				CLANG_WARN_INFINITE_RECURSION = YES;
				CLANG_WARN_INT_CONVERSION = YES;
				CLANG_WARN_NON_LITERAL_NULL_CONVERSION = YES;
				CLANG_WARN_OBJC_IMPLICIT_RETAIN_SELF = YES;
				CLANG_WARN_OBJC_LITERAL_CONVERSION = YES;
				CLANG_WARN_OBJC_ROOT_CLASS = YES_ERROR;
				CLANG_WARN_RANGE_LOOP_ANALYSIS = YES;
				CLANG_WARN_STRICT_PROTOTYPES = YES;
				CLANG_WARN_SUSPICIOUS_MOVE = YES;
				CLANG_WARN_UNGUARDED_AVAILABILITY = YES_AGGRESSIVE;
				CLANG_WARN_UNREACHABLE_CODE = YES;
				CLANG_WARN__DUPLICATE_METHOD_MATCH = YES;
				COPY_PHASE_STRIP = NO;
				DEBUG_INFORMATION_FORMAT = dwarf;
				ENABLE_STRICT_OBJC_MSGSEND = YES;
				ENABLE_TESTABILITY = YES;
				GCC_C_LANGUAGE_STANDARD = gnu11;
				GCC_DYNAMIC_NO_PIC = NO;
				GCC_NO_COMMON_BLOCKS = YES;
				GCC_OPTIMIZATION_LEVEL = 0;
				GCC_PREPROCESSOR_DEFINITIONS = (
					"DEBUG=1",
					"$(inherited)",
				);
				GCC_WARN_64_TO_32_BIT_CONVERSION = YES;
				GCC_WARN_ABOUT_RETURN_TYPE = YES_ERROR;
				GCC_WARN_UNDECLARED_SELECTOR = YES;
				GCC_WARN_UNINITIALIZED_AUTOS = YES_AGGRESSIVE;
				GCC_WARN_UNUSED_FUNCTION = YES;
				GCC_WARN_UNUSED_VARIABLE = YES;
				IPHONEOS_DEPLOYMENT_TARGET = 13.0;
				MTL_ENABLE_DEBUG_INFO = INCLUDE_SOURCE;
				MTL_FAST_MATH = YES;
				ONLY_ACTIVE_ARCH = YES;
				SDKROOT = iphoneos;
				SWIFT_ACTIVE_COMPILATION_CONDITIONS = DEBUG;
				SWIFT_OPTIMIZATION_LEVEL = "-Onone";
			};
			name = Debug;
		};
		987DA6DC236150FA00A90D80 /* Release */ = {
			isa = XCBuildConfiguration;
			buildSettings = {
				ALWAYS_SEARCH_USER_PATHS = NO;
				CLANG_ANALYZER_NONNULL = YES;
				CLANG_ANALYZER_NUMBER_OBJECT_CONVERSION = YES_AGGRESSIVE;
				CLANG_CXX_LANGUAGE_STANDARD = "gnu++14";
				CLANG_CXX_LIBRARY = "libc++";
				CLANG_ENABLE_MODULES = YES;
				CLANG_ENABLE_OBJC_ARC = YES;
				CLANG_ENABLE_OBJC_WEAK = YES;
				CLANG_WARN_BLOCK_CAPTURE_AUTORELEASING = YES;
				CLANG_WARN_BOOL_CONVERSION = YES;
				CLANG_WARN_COMMA = YES;
				CLANG_WARN_CONSTANT_CONVERSION = YES;
				CLANG_WARN_DEPRECATED_OBJC_IMPLEMENTATIONS = YES;
				CLANG_WARN_DIRECT_OBJC_ISA_USAGE = YES_ERROR;
				CLANG_WARN_DOCUMENTATION_COMMENTS = YES;
				CLANG_WARN_EMPTY_BODY = YES;
				CLANG_WARN_ENUM_CONVERSION = YES;
				CLANG_WARN_INFINITE_RECURSION = YES;
				CLANG_WARN_INT_CONVERSION = YES;
				CLANG_WARN_NON_LITERAL_NULL_CONVERSION = YES;
				CLANG_WARN_OBJC_IMPLICIT_RETAIN_SELF = YES;
				CLANG_WARN_OBJC_LITERAL_CONVERSION = YES;
				CLANG_WARN_OBJC_ROOT_CLASS = YES_ERROR;
				CLANG_WARN_RANGE_LOOP_ANALYSIS = YES;
				CLANG_WARN_STRICT_PROTOTYPES = YES;
				CLANG_WARN_SUSPICIOUS_MOVE = YES;
				CLANG_WARN_UNGUARDED_AVAILABILITY = YES_AGGRESSIVE;
				CLANG_WARN_UNREACHABLE_CODE = YES;
				CLANG_WARN__DUPLICATE_METHOD_MATCH = YES;
				COPY_PHASE_STRIP = NO;
				DEBUG_INFORMATION_FORMAT = "dwarf-with-dsym";
				ENABLE_NS_ASSERTIONS = NO;
				ENABLE_STRICT_OBJC_MSGSEND = YES;
				GCC_C_LANGUAGE_STANDARD = gnu11;
				GCC_NO_COMMON_BLOCKS = YES;
				GCC_WARN_64_TO_32_BIT_CONVERSION = YES;
				GCC_WARN_ABOUT_RETURN_TYPE = YES_ERROR;
				GCC_WARN_UNDECLARED_SELECTOR = YES;
				GCC_WARN_UNINITIALIZED_AUTOS = YES_AGGRESSIVE;
				GCC_WARN_UNUSED_FUNCTION = YES;
				GCC_WARN_UNUSED_VARIABLE = YES;
				IPHONEOS_DEPLOYMENT_TARGET = 13.0;
				MTL_ENABLE_DEBUG_INFO = NO;
				MTL_FAST_MATH = YES;
				SDKROOT = iphoneos;
				SWIFT_COMPILATION_MODE = wholemodule;
				SWIFT_OPTIMIZATION_LEVEL = "-O";
				VALIDATE_PRODUCT = YES;
			};
			name = Release;
		};
		987DA6DE236150FA00A90D80 /* Debug */ = {
			isa = XCBuildConfiguration;
			buildSettings = {
				ASSETCATALOG_COMPILER_APPICON_NAME = AppIcon;
				CODE_SIGN_STYLE = Automatic;
				INFOPLIST_FILE = GeoMapping/Info.plist;
				LD_RUNPATH_SEARCH_PATHS = (
					"$(inherited)",
					"@executable_path/Frameworks",
				);
				PRODUCT_BUNDLE_IDENTIFIER = com.tafby.GeoMapping;
				PRODUCT_NAME = "$(TARGET_NAME)";
				SWIFT_VERSION = 5.0;
				TARGETED_DEVICE_FAMILY = "1,2";
			};
			name = Debug;
		};
		987DA6DF236150FA00A90D80 /* Release */ = {
			isa = XCBuildConfiguration;
			buildSettings = {
				ASSETCATALOG_COMPILER_APPICON_NAME = AppIcon;
				CODE_SIGN_STYLE = Automatic;
				INFOPLIST_FILE = GeoMapping/Info.plist;
				LD_RUNPATH_SEARCH_PATHS = (
					"$(inherited)",
					"@executable_path/Frameworks",
				);
				PRODUCT_BUNDLE_IDENTIFIER = com.tafby.GeoMapping;
				PRODUCT_NAME = "$(TARGET_NAME)";
				SWIFT_VERSION = 5.0;
				TARGETED_DEVICE_FAMILY = "1,2";
			};
			name = Release;
		};
/* End XCBuildConfiguration section */

/* Begin XCConfigurationList section */
		987DA6C4236150F700A90D80 /* Build configuration list for PBXProject "GeoMapping" */ = {
			isa = XCConfigurationList;
			buildConfigurations = (
				987DA6DB236150FA00A90D80 /* Debug */,
				987DA6DC236150FA00A90D80 /* Release */,
			);
			defaultConfigurationIsVisible = 0;
			defaultConfigurationName = Release;
		};
		987DA6DD236150FA00A90D80 /* Build configuration list for PBXNativeTarget "GeoMapping" */ = {
			isa = XCConfigurationList;
			buildConfigurations = (
				987DA6DE236150FA00A90D80 /* Debug */,
				987DA6DF236150FA00A90D80 /* Release */,
			);
			defaultConfigurationIsVisible = 0;
			defaultConfigurationName = Release;
		};
/* End XCConfigurationList section */
	};
	rootObject = 987DA6C1236150F700A90D80 /* Project object */;
}
